{
  "object": {
    "pins": [
      {
        "package": "EasyAlbum",
        "repositoryURL": "https://github.com/ray00178/EasyAlbum",
        "state": {
          "branch": null,
          "revision": "c5493f3e6c439666f50d60f2bf433d38a37debe9",
          "version": "2.3.1"
        }
      }
    ]
  },
  "version": 1
}
