{
  "object": {
    "pins": [
      {
        "package": "Mix",
        "repositoryURL": "https://github.com/BraveRisks/Mix",
        "state": {
          "branch": null,
          "revision": "67e562bccba88cde1ed93dd41ed59f573e1d38e4",
          "version": "1.11.5"
        }
      }
    ]
  },
  "version": 1
}
